
Microsoft Visual Studio Solution File, Format Version 12.00
# Visual Studio Version 17
VisualStudioVersion = 17.9.34723.18
MinimumVisualStudioVersion = 10.0.40219.1
Project("{9A19103F-16F7-4668-BE54-9A1E7A4F7556}") = "WebApplication1", "WebApplication1\WebApplication1.csproj", "{2B9C5EAC-5960-4C14-B4A1-A5D37572B210}"
EndProject
Project("{9A19103F-16F7-4668-BE54-9A1E7A4F7556}") = "ConsoleApp1", "ConsoleApp1\ConsoleApp1.csproj", "{5DC1AC1F-2FFB-4DCC-B016-343DA7E93AAC}"
EndProject
Project("{9A19103F-16F7-4668-BE54-9A1E7A4F7556}") = "WebApplication1.BusinessLogic", "WebApplication1.BusinessLogic\WebApplication1.BusinessLogic.csproj", "{327DB39E-530F-4BEA-B190-E829E9E977B1}"
EndProject
Project("{9A19103F-16F7-4668-BE54-9A1E7A4F7556}") = "WebApplication1.DataAccess", "WebApplication1.DataAccess\WebApplication1.DataAccess.csproj", "{B00D3DD6-EF0D-4642-A305-A4A419C95678}"
EndProject
Project("{9A19103F-16F7-4668-BE54-9A1E7A4F7556}") = "WebApplication1.Core", "WebApplication1.Core\WebApplication1.Core.csproj", "{B4FAB19E-EFC3-4037-91AD-75C400DE1F8F}"
EndProject
Project("{9A19103F-16F7-4668-BE54-9A1E7A4F7556}") = "DITest", "DITest\DITest.csproj", "{C496E2AF-11DB-410E-A8A5-F025757E6326}"
EndProject
Project("{9A19103F-16F7-4668-BE54-9A1E7A4F7556}") = "ConsoleTask", "ConsoleTask\ConsoleTask.csproj", "{D2389754-BC63-4110-8F93-428F7E3DE419}"
EndProject
Project("{FAE04EC0-301F-11D3-BF4B-00C04F79EFBC}") = "WebApplictaion1.BusinessLogic.MsTests", "WebApplictaion1.BusinessLogic.MsTests\WebApplictaion1.BusinessLogic.MsTests.csproj", "{AF69214A-6DB0-4765-A875-E5D5D050A1BE}"
EndProject
Project("{FAE04EC0-301F-11D3-BF4B-00C04F79EFBC}") = "WebApplication1.BusinessLogic.NTests", "WebApplication1.BusinessLogic.NTests\WebApplication1.BusinessLogic.NTests.csproj", "{E477D7E8-A5F7-43D4-9EED-2088E0E4819D}"
EndProject
Project("{FAE04EC0-301F-11D3-BF4B-00C04F79EFBC}") = "WebApplication1.BusinessLogic.XTests", "WebApplication1.BusinessLogic.XTests\WebApplication1.BusinessLogic.XTests.csproj", "{4FECBF62-C9A1-4D52-B97A-BC084E1AD8A7}"
EndProject
Global
	GlobalSection(SolutionConfigurationPlatforms) = preSolution
		Debug|Any CPU = Debug|Any CPU
		Release|Any CPU = Release|Any CPU
	EndGlobalSection
	GlobalSection(ProjectConfigurationPlatforms) = postSolution
		{2B9C5EAC-5960-4C14-B4A1-A5D37572B210}.Debug|Any CPU.ActiveCfg = Debug|Any CPU
		{2B9C5EAC-5960-4C14-B4A1-A5D37572B210}.Debug|Any CPU.Build.0 = Debug|Any CPU
		{2B9C5EAC-5960-4C14-B4A1-A5D37572B210}.Release|Any CPU.ActiveCfg = Release|Any CPU
		{2B9C5EAC-5960-4C14-B4A1-A5D37572B210}.Release|Any CPU.Build.0 = Release|Any CPU
		{5DC1AC1F-2FFB-4DCC-B016-343DA7E93AAC}.Debug|Any CPU.ActiveCfg = Debug|Any CPU
		{5DC1AC1F-2FFB-4DCC-B016-343DA7E93AAC}.Debug|Any CPU.Build.0 = Debug|Any CPU
		{5DC1AC1F-2FFB-4DCC-B016-343DA7E93AAC}.Release|Any CPU.ActiveCfg = Release|Any CPU
		{5DC1AC1F-2FFB-4DCC-B016-343DA7E93AAC}.Release|Any CPU.Build.0 = Release|Any CPU
		{327DB39E-530F-4BEA-B190-E829E9E977B1}.Debug|Any CPU.ActiveCfg = Debug|Any CPU
		{327DB39E-530F-4BEA-B190-E829E9E977B1}.Debug|Any CPU.Build.0 = Debug|Any CPU
		{327DB39E-530F-4BEA-B190-E829E9E977B1}.Release|Any CPU.ActiveCfg = Release|Any CPU
		{327DB39E-530F-4BEA-B190-E829E9E977B1}.Release|Any CPU.Build.0 = Release|Any CPU
		{B00D3DD6-EF0D-4642-A305-A4A419C95678}.Debug|Any CPU.ActiveCfg = Debug|Any CPU
		{B00D3DD6-EF0D-4642-A305-A4A419C95678}.Debug|Any CPU.Build.0 = Debug|Any CPU
		{B00D3DD6-EF0D-4642-A305-A4A419C95678}.Release|Any CPU.ActiveCfg = Release|Any CPU
		{B00D3DD6-EF0D-4642-A305-A4A419C95678}.Release|Any CPU.Build.0 = Release|Any CPU
		{B4FAB19E-EFC3-4037-91AD-75C400DE1F8F}.Debug|Any CPU.ActiveCfg = Debug|Any CPU
		{B4FAB19E-EFC3-4037-91AD-75C400DE1F8F}.Debug|Any CPU.Build.0 = Debug|Any CPU
		{B4FAB19E-EFC3-4037-91AD-75C400DE1F8F}.Release|Any CPU.ActiveCfg = Release|Any CPU
		{B4FAB19E-EFC3-4037-91AD-75C400DE1F8F}.Release|Any CPU.Build.0 = Release|Any CPU
		{C496E2AF-11DB-410E-A8A5-F025757E6326}.Debug|Any CPU.ActiveCfg = Debug|Any CPU
		{C496E2AF-11DB-410E-A8A5-F025757E6326}.Debug|Any CPU.Build.0 = Debug|Any CPU
		{C496E2AF-11DB-410E-A8A5-F025757E6326}.Release|Any CPU.ActiveCfg = Release|Any CPU
		{C496E2AF-11DB-410E-A8A5-F025757E6326}.Release|Any CPU.Build.0 = Release|Any CPU
		{D2389754-BC63-4110-8F93-428F7E3DE419}.Debug|Any CPU.ActiveCfg = Debug|Any CPU
		{D2389754-BC63-4110-8F93-428F7E3DE419}.Debug|Any CPU.Build.0 = Debug|Any CPU
		{D2389754-BC63-4110-8F93-428F7E3DE419}.Release|Any CPU.ActiveCfg = Release|Any CPU
		{D2389754-BC63-4110-8F93-428F7E3DE419}.Release|Any CPU.Build.0 = Release|Any CPU
		{AF69214A-6DB0-4765-A875-E5D5D050A1BE}.Debug|Any CPU.ActiveCfg = Debug|Any CPU
		{AF69214A-6DB0-4765-A875-E5D5D050A1BE}.Debug|Any CPU.Build.0 = Debug|Any CPU
		{AF69214A-6DB0-4765-A875-E5D5D050A1BE}.Release|Any CPU.ActiveCfg = Release|Any CPU
		{AF69214A-6DB0-4765-A875-E5D5D050A1BE}.Release|Any CPU.Build.0 = Release|Any CPU
		{E477D7E8-A5F7-43D4-9EED-2088E0E4819D}.Debug|Any CPU.ActiveCfg = Debug|Any CPU
		{E477D7E8-A5F7-43D4-9EED-2088E0E4819D}.Debug|Any CPU.Build.0 = Debug|Any CPU
		{E477D7E8-A5F7-43D4-9EED-2088E0E4819D}.Release|Any CPU.ActiveCfg = Release|Any CPU
		{E477D7E8-A5F7-43D4-9EED-2088E0E4819D}.Release|Any CPU.Build.0 = Release|Any CPU
		{4FECBF62-C9A1-4D52-B97A-BC084E1AD8A7}.Debug|Any CPU.ActiveCfg = Debug|Any CPU
		{4FECBF62-C9A1-4D52-B97A-BC084E1AD8A7}.Debug|Any CPU.Build.0 = Debug|Any CPU
		{4FECBF62-C9A1-4D52-B97A-BC084E1AD8A7}.Release|Any CPU.ActiveCfg = Release|Any CPU
		{4FECBF62-C9A1-4D52-B97A-BC084E1AD8A7}.Release|Any CPU.Build.0 = Release|Any CPU
	EndGlobalSection
	GlobalSection(SolutionProperties) = preSolution
		HideSolutionNode = FALSE
	EndGlobalSection
	GlobalSection(ExtensibilityGlobals) = postSolution
		SolutionGuid = {9C536744-A74F-4C3B-8643-C675E3D980D1}
	EndGlobalSection
EndGlobal
